
Microsoft Visual Studio Solution File, Format Version 12.00
# Visual Studio Version 17
VisualStudioVersion = 17.9.34714.143
MinimumVisualStudioVersion = 10.0.40219.1
Project("{FAE04EC0-301F-11D3-BF4B-00C04F79EFBC}") = "ChatApplication", "ChatApplication\ChatApplication.csproj", "{5CE79E00-8AAB-4C2D-A642-F415F3C25947}"
EndProject
Global
	GlobalSection(SolutionConfigurationPlatforms) = preSolution
		Debug|Any CPU = Debug|Any CPU
		Release|Any CPU = Release|Any CPU
	EndGlobalSection
	GlobalSection(ProjectConfigurationPlatforms) = postSolution
		{5CE79E00-8AAB-4C2D-A642-F415F3C25947}.Debug|Any CPU.ActiveCfg = Debug|Any CPU
		{5CE79E00-8AAB-4C2D-A642-F415F3C25947}.Debug|Any CPU.Build.0 = Debug|Any CPU
		{5CE79E00-8AAB-4C2D-A642-F415F3C25947}.Release|Any CPU.ActiveCfg = Release|Any CPU
		{5CE79E00-8AAB-4C2D-A642-F415F3C25947}.Release|Any CPU.Build.0 = Release|Any CPU
	EndGlobalSection
	GlobalSection(SolutionProperties) = preSolution
		HideSolutionNode = FALSE
	EndGlobalSection
	GlobalSection(ExtensibilityGlobals) = postSolution
		SolutionGuid = {BB2C7271-B1F2-441E-AC91-1E549AE3F8E1}
	EndGlobalSection
EndGlobal
